
Microsoft Visual Studio Solution File, Format Version 12.00
# Visual Studio Version 16
VisualStudioVersion = 16.0.31410.357
MinimumVisualStudioVersion = 10.0.40219.1
Project("{FAE04EC0-301F-11D3-BF4B-00C04F79EFBC}") = "method overloading", "method overloading\method overloading.csproj", "{6B987FB0-C81D-4A81-B796-64117165BE78}"
EndProject
Global
	GlobalSection(SolutionConfigurationPlatforms) = preSolution
		Debug|Any CPU = Debug|Any CPU
		Release|Any CPU = Release|Any CPU
	EndGlobalSection
	GlobalSection(ProjectConfigurationPlatforms) = postSolution
		{6B987FB0-C81D-4A81-B796-64117165BE78}.Debug|Any CPU.ActiveCfg = Debug|Any CPU
		{6B987FB0-C81D-4A81-B796-64117165BE78}.Debug|Any CPU.Build.0 = Debug|Any CPU
		{6B987FB0-C81D-4A81-B796-64117165BE78}.Release|Any CPU.ActiveCfg = Release|Any CPU
		{6B987FB0-C81D-4A81-B796-64117165BE78}.Release|Any CPU.Build.0 = Release|Any CPU
	EndGlobalSection
	GlobalSection(SolutionProperties) = preSolution
		HideSolutionNode = FALSE
	EndGlobalSection
	GlobalSection(ExtensibilityGlobals) = postSolution
		SolutionGuid = {54F033B6-5682-4C81-B9FF-AD03686FE792}
	EndGlobalSection
EndGlobal
